
Microsoft Visual Studio Solution File, Format Version 12.00
# Visual Studio Version 17
VisualStudioVersion = 17.3.32819.101
MinimumVisualStudioVersion = 10.0.40219.1
Project("{FAE04EC0-301F-11D3-BF4B-00C04F79EFBC}") = "LastDemo123", "LastDemo123\LastDemo123.csproj", "{704EAD3E-96E3-400F-8191-8223E69F6A19}"
EndProject
Global
	GlobalSection(SolutionConfigurationPlatforms) = preSolution
		Debug|Any CPU = Debug|Any CPU
		Release|Any CPU = Release|Any CPU
	EndGlobalSection
	GlobalSection(ProjectConfigurationPlatforms) = postSolution
		{704EAD3E-96E3-400F-8191-8223E69F6A19}.Debug|Any CPU.ActiveCfg = Debug|Any CPU
		{704EAD3E-96E3-400F-8191-8223E69F6A19}.Debug|Any CPU.Build.0 = Debug|Any CPU
		{704EAD3E-96E3-400F-8191-8223E69F6A19}.Release|Any CPU.ActiveCfg = Release|Any CPU
		{704EAD3E-96E3-400F-8191-8223E69F6A19}.Release|Any CPU.Build.0 = Release|Any CPU
	EndGlobalSection
	GlobalSection(SolutionProperties) = preSolution
		HideSolutionNode = FALSE
	EndGlobalSection
	GlobalSection(ExtensibilityGlobals) = postSolution
		SolutionGuid = {A8FA6D9A-F31E-4135-ADE0-C6242802766F}
	EndGlobalSection
EndGlobal
